
Microsoft Visual Studio Solution File, Format Version 12.00
# Visual Studio Version 17
VisualStudioVersion = 17.8.34330.188
MinimumVisualStudioVersion = 10.0.40219.1
Project("{9A19103F-16F7-4668-BE54-9A1E7A4F7556}") = "ISTIC.Responses", "ISTIC.Responses\ISTIC.Responses.csproj", "{FCB9D18E-0DFD-4F70-9B6D-DD906B9D4AA1}"
EndProject
Global
	GlobalSection(SolutionConfigurationPlatforms) = preSolution
		Debug|Any CPU = Debug|Any CPU
		Release|Any CPU = Release|Any CPU
	EndGlobalSection
	GlobalSection(ProjectConfigurationPlatforms) = postSolution
		{FCB9D18E-0DFD-4F70-9B6D-DD906B9D4AA1}.Debug|Any CPU.ActiveCfg = Debug|Any CPU
		{FCB9D18E-0DFD-4F70-9B6D-DD906B9D4AA1}.Debug|Any CPU.Build.0 = Debug|Any CPU
		{FCB9D18E-0DFD-4F70-9B6D-DD906B9D4AA1}.Release|Any CPU.ActiveCfg = Release|Any CPU
		{FCB9D18E-0DFD-4F70-9B6D-DD906B9D4AA1}.Release|Any CPU.Build.0 = Release|Any CPU
	EndGlobalSection
	GlobalSection(SolutionProperties) = preSolution
		HideSolutionNode = FALSE
	EndGlobalSection
	GlobalSection(ExtensibilityGlobals) = postSolution
		SolutionGuid = {38E75C2A-D920-48A4-A65B-D961BFAEB09B}
	EndGlobalSection
EndGlobal
